
Microsoft Visual Studio Solution File, Format Version 12.00
Project("{FAE04EC0-301F-11D3-BF4B-00C04F79EFBC}") = "TMS.API", "Presentation\TMS.API\TMS.API.csproj", "{0FEB06DF-FEA5-4AAD-BC12-C14833E5CEEA}"
EndProject
Project("{FAE04EC0-301F-11D3-BF4B-00C04F79EFBC}") = "TMS.Core", "Core\TMS.Core\TMS.Core.csproj", "{B483F3FF-0153-4C76-B6FF-620046DB7153}"
EndProject
Project("{FAE04EC0-301F-11D3-BF4B-00C04F79EFBC}") = "TMS.Application", "Application\TMS.Application\TMS.Application.csproj", "{FA374812-CF79-4E24-BD24-611A3C10E3DF}"
EndProject
Project("{FAE04EC0-301F-11D3-BF4B-00C04F79EFBC}") = "TMS.Infrastructure", "Infrastructure\TMS.Infrastructure\TMS.Infrastructure.csproj", "{F84FCBD9-2CD3-484C-8993-B2379E27F594}"
EndProject
Project("{2150E333-8FDC-42A3-9474-1A3956D46DE8}") = "TMS.Presentation", "TMS.Presentation", "{8F4B4769-D3B9-4C4B-8B0A-3820DD8E7BB6}"
EndProject
Project("{2150E333-8FDC-42A3-9474-1A3956D46DE8}") = "TMS.Core", "TMS.Core", "{3476F89F-7398-43CA-9FEA-DBA8CC4E00C9}"
EndProject
Project("{2150E333-8FDC-42A3-9474-1A3956D46DE8}") = "TMS.Application", "TMS.Application", "{9028ECF5-FA16-44DA-A6FE-030251C0D53F}"
EndProject
Project("{2150E333-8FDC-42A3-9474-1A3956D46DE8}") = "TMS.Infrastructure", "TMS.Infrastructure", "{929BAD4D-4D30-4B71-A51A-A800B5829AF3}"
EndProject
Project("{2150E333-8FDC-42A3-9474-1A3956D46DE8}") = "TMS.Tests", "TMS.Tests", "{373860FC-F983-4293-903E-E28138BF5837}"
EndProject
Project("{FAE04EC0-301F-11D3-BF4B-00C04F79EFBC}") = "TMS.Presentation.Tests", "Tests\TMS.Presentation.Tests\TMS.Presentation.Tests.csproj", "{8A4BB4EC-5DEC-4EC1-9008-BD603A3EB178}"
EndProject
Global
	GlobalSection(SolutionConfigurationPlatforms) = preSolution
		Debug|Any CPU = Debug|Any CPU
		Release|Any CPU = Release|Any CPU
	EndGlobalSection
	GlobalSection(ProjectConfigurationPlatforms) = postSolution
		{0FEB06DF-FEA5-4AAD-BC12-C14833E5CEEA}.Debug|Any CPU.ActiveCfg = Debug|Any CPU
		{0FEB06DF-FEA5-4AAD-BC12-C14833E5CEEA}.Debug|Any CPU.Build.0 = Debug|Any CPU
		{0FEB06DF-FEA5-4AAD-BC12-C14833E5CEEA}.Release|Any CPU.ActiveCfg = Release|Any CPU
		{0FEB06DF-FEA5-4AAD-BC12-C14833E5CEEA}.Release|Any CPU.Build.0 = Release|Any CPU
		{B483F3FF-0153-4C76-B6FF-620046DB7153}.Debug|Any CPU.ActiveCfg = Debug|Any CPU
		{B483F3FF-0153-4C76-B6FF-620046DB7153}.Debug|Any CPU.Build.0 = Debug|Any CPU
		{B483F3FF-0153-4C76-B6FF-620046DB7153}.Release|Any CPU.ActiveCfg = Release|Any CPU
		{B483F3FF-0153-4C76-B6FF-620046DB7153}.Release|Any CPU.Build.0 = Release|Any CPU
		{FA374812-CF79-4E24-BD24-611A3C10E3DF}.Debug|Any CPU.ActiveCfg = Debug|Any CPU
		{FA374812-CF79-4E24-BD24-611A3C10E3DF}.Debug|Any CPU.Build.0 = Debug|Any CPU
		{FA374812-CF79-4E24-BD24-611A3C10E3DF}.Release|Any CPU.ActiveCfg = Release|Any CPU
		{FA374812-CF79-4E24-BD24-611A3C10E3DF}.Release|Any CPU.Build.0 = Release|Any CPU
		{F84FCBD9-2CD3-484C-8993-B2379E27F594}.Debug|Any CPU.ActiveCfg = Debug|Any CPU
		{F84FCBD9-2CD3-484C-8993-B2379E27F594}.Debug|Any CPU.Build.0 = Debug|Any CPU
		{F84FCBD9-2CD3-484C-8993-B2379E27F594}.Release|Any CPU.ActiveCfg = Release|Any CPU
		{F84FCBD9-2CD3-484C-8993-B2379E27F594}.Release|Any CPU.Build.0 = Release|Any CPU
		{8A4BB4EC-5DEC-4EC1-9008-BD603A3EB178}.Debug|Any CPU.ActiveCfg = Debug|Any CPU
		{8A4BB4EC-5DEC-4EC1-9008-BD603A3EB178}.Debug|Any CPU.Build.0 = Debug|Any CPU
		{8A4BB4EC-5DEC-4EC1-9008-BD603A3EB178}.Release|Any CPU.ActiveCfg = Release|Any CPU
		{8A4BB4EC-5DEC-4EC1-9008-BD603A3EB178}.Release|Any CPU.Build.0 = Release|Any CPU
	EndGlobalSection
	GlobalSection(NestedProjects) = preSolution
		{0FEB06DF-FEA5-4AAD-BC12-C14833E5CEEA} = {8F4B4769-D3B9-4C4B-8B0A-3820DD8E7BB6}
		{B483F3FF-0153-4C76-B6FF-620046DB7153} = {3476F89F-7398-43CA-9FEA-DBA8CC4E00C9}
		{FA374812-CF79-4E24-BD24-611A3C10E3DF} = {9028ECF5-FA16-44DA-A6FE-030251C0D53F}
		{F84FCBD9-2CD3-484C-8993-B2379E27F594} = {929BAD4D-4D30-4B71-A51A-A800B5829AF3}
		{8A4BB4EC-5DEC-4EC1-9008-BD603A3EB178} = {373860FC-F983-4293-903E-E28138BF5837}
	EndGlobalSection
EndGlobal
